
Microsoft Visual Studio Solution File, Format Version 12.00
# Visual Studio Version 17
VisualStudioVersion = 17.14.36401.2 d17.14
MinimumVisualStudioVersion = 10.0.40219.1
Project("{FAE04EC0-301F-11D3-BF4B-00C04F79EFBC}") = "MQTT_API_sharp", "MQTT_API_sharp\MQTT_API_sharp.csproj", "{4D09C789-FCAA-4DDC-8500-060D92ADC7D5}"
EndProject
Global
	GlobalSection(SolutionConfigurationPlatforms) = preSolution
		Debug|Any CPU = Debug|Any CPU
		Release|Any CPU = Release|Any CPU
	EndGlobalSection
	GlobalSection(ProjectConfigurationPlatforms) = postSolution
		{4D09C789-FCAA-4DDC-8500-060D92ADC7D5}.Debug|Any CPU.ActiveCfg = Debug|Any CPU
		{4D09C789-FCAA-4DDC-8500-060D92ADC7D5}.Debug|Any CPU.Build.0 = Debug|Any CPU
		{4D09C789-FCAA-4DDC-8500-060D92ADC7D5}.Release|Any CPU.ActiveCfg = Release|Any CPU
		{4D09C789-FCAA-4DDC-8500-060D92ADC7D5}.Release|Any CPU.Build.0 = Release|Any CPU
	EndGlobalSection
	GlobalSection(SolutionProperties) = preSolution
		HideSolutionNode = FALSE
	EndGlobalSection
	GlobalSection(ExtensibilityGlobals) = postSolution
		SolutionGuid = {3B8EB942-3FD4-4C9C-8D23-5D5FD106F848}
	EndGlobalSection
EndGlobal
